
Microsoft Visual Studio Solution File, Format Version 11.00
# Visual Studio 2010
Project("{FAE04EC0-301F-11D3-BF4B-00C04F79EFBC}") = "QueryMachine.XQuery", "QueryMachine.XQuery\QueryMachine.XQuery.csproj", "{0FDD0A6C-E9FA-4CE2-B2A7-461C7444EEFF}"
EndProject
Project("{FAE04EC0-301F-11D3-BF4B-00C04F79EFBC}") = "CoreServices", "CoreServices\CoreServices.csproj", "{454016BE-0E1C-4DFB-A22F-2E642A1AE9A6}"
EndProject
Project("{FAE04EC0-301F-11D3-BF4B-00C04F79EFBC}") = "SimpleTestConsole", "SimpleTestConsole\SimpleTestConsole.csproj", "{AFFF7A90-D6DE-4893-AE39-C739D65BB631}"
EndProject
Project("{FAE04EC0-301F-11D3-BF4B-00C04F79EFBC}") = "QueryMachine.XQuery.OpenXML", "QueryMachine.XQuery.OpenXML\QueryMachine.XQuery.OpenXML.csproj", "{76F1BD99-2D8C-41BA-9FD7-31F88F78BABD}"
EndProject
Global
	GlobalSection(SolutionConfigurationPlatforms) = preSolution
		Debug|Any CPU = Debug|Any CPU
		Release|Any CPU = Release|Any CPU
	EndGlobalSection
	GlobalSection(ProjectConfigurationPlatforms) = postSolution
		{0FDD0A6C-E9FA-4CE2-B2A7-461C7444EEFF}.Debug|Any CPU.ActiveCfg = Debug|Any CPU
		{0FDD0A6C-E9FA-4CE2-B2A7-461C7444EEFF}.Debug|Any CPU.Build.0 = Debug|Any CPU
		{0FDD0A6C-E9FA-4CE2-B2A7-461C7444EEFF}.Release|Any CPU.ActiveCfg = Release|Any CPU
		{0FDD0A6C-E9FA-4CE2-B2A7-461C7444EEFF}.Release|Any CPU.Build.0 = Release|Any CPU
		{454016BE-0E1C-4DFB-A22F-2E642A1AE9A6}.Debug|Any CPU.ActiveCfg = Debug|Any CPU
		{454016BE-0E1C-4DFB-A22F-2E642A1AE9A6}.Debug|Any CPU.Build.0 = Debug|Any CPU
		{454016BE-0E1C-4DFB-A22F-2E642A1AE9A6}.Release|Any CPU.ActiveCfg = Release|Any CPU
		{454016BE-0E1C-4DFB-A22F-2E642A1AE9A6}.Release|Any CPU.Build.0 = Release|Any CPU
		{AFFF7A90-D6DE-4893-AE39-C739D65BB631}.Debug|Any CPU.ActiveCfg = Debug|Any CPU
		{AFFF7A90-D6DE-4893-AE39-C739D65BB631}.Debug|Any CPU.Build.0 = Debug|Any CPU
		{AFFF7A90-D6DE-4893-AE39-C739D65BB631}.Release|Any CPU.ActiveCfg = Release|Any CPU
		{AFFF7A90-D6DE-4893-AE39-C739D65BB631}.Release|Any CPU.Build.0 = Release|Any CPU
		{76F1BD99-2D8C-41BA-9FD7-31F88F78BABD}.Debug|Any CPU.ActiveCfg = Debug|Any CPU
		{76F1BD99-2D8C-41BA-9FD7-31F88F78BABD}.Debug|Any CPU.Build.0 = Debug|Any CPU
		{76F1BD99-2D8C-41BA-9FD7-31F88F78BABD}.Release|Any CPU.ActiveCfg = Release|Any CPU
		{76F1BD99-2D8C-41BA-9FD7-31F88F78BABD}.Release|Any CPU.Build.0 = Release|Any CPU
	EndGlobalSection
	GlobalSection(SolutionProperties) = preSolution
		HideSolutionNode = FALSE
	EndGlobalSection
EndGlobal
